Microsoft Visual Studio Solution File, Format Version 10.00
# Visual Studio 2008

Project("{4265B1F4-B96B-7986-C71E-702334A259D6}") = "GuillaumeTell", "Assembly-CSharp-firstpass.csproj", "{9476090E-87C4-CF4D-5924-3A4858CD2FAD}"
EndProject
Project("{4265B1F4-B96B-7986-C71E-702334A259D6}") = "GuillaumeTell", "Assembly-UnityScript-firstpass.unityproj", "{5F5C2089-4FC5-7192-DECB-BE0111106134}"
EndProject
Project("{4265B1F4-B96B-7986-C71E-702334A259D6}") = "GuillaumeTell", "Assembly-UnityScript.unityproj", "{DF02DF7C-07DB-2CB2-D591-99AE5AF1F11D}"
EndProject
Project("{4265B1F4-B96B-7986-C71E-702334A259D6}") = "GuillaumeTell", "Assembly-UnityScript-Editor-firstpass.unityproj", "{536F1488-B831-D072-6E5F-7E52C51CA3CC}"
EndProject
Global
	GlobalSection(SolutionConfigurationPlatforms) = preSolution
		Debug|Any CPU = Debug|Any CPU
		Release|Any CPU = Release|Any CPU
	EndGlobalSection
	GlobalSection(ProjectConfigurationPlatforms) = postSolution
		{9476090E-87C4-CF4D-5924-3A4858CD2FAD}.Debug|Any CPU.ActiveCfg = Debug|Any CPU
		{9476090E-87C4-CF4D-5924-3A4858CD2FAD}.Debug|Any CPU.Build.0 = Debug|Any CPU
		{9476090E-87C4-CF4D-5924-3A4858CD2FAD}.Release|Any CPU.ActiveCfg = Release|Any CPU
		{9476090E-87C4-CF4D-5924-3A4858CD2FAD}.Release|Any CPU.Build.0 = Release|Any CPU
		{5F5C2089-4FC5-7192-DECB-BE0111106134}.Debug|Any CPU.ActiveCfg = Debug|Any CPU
		{5F5C2089-4FC5-7192-DECB-BE0111106134}.Debug|Any CPU.Build.0 = Debug|Any CPU
		{5F5C2089-4FC5-7192-DECB-BE0111106134}.Release|Any CPU.ActiveCfg = Release|Any CPU
		{5F5C2089-4FC5-7192-DECB-BE0111106134}.Release|Any CPU.Build.0 = Release|Any CPU
		{DF02DF7C-07DB-2CB2-D591-99AE5AF1F11D}.Debug|Any CPU.ActiveCfg = Debug|Any CPU
		{DF02DF7C-07DB-2CB2-D591-99AE5AF1F11D}.Debug|Any CPU.Build.0 = Debug|Any CPU
		{DF02DF7C-07DB-2CB2-D591-99AE5AF1F11D}.Release|Any CPU.ActiveCfg = Release|Any CPU
		{DF02DF7C-07DB-2CB2-D591-99AE5AF1F11D}.Release|Any CPU.Build.0 = Release|Any CPU
		{536F1488-B831-D072-6E5F-7E52C51CA3CC}.Debug|Any CPU.ActiveCfg = Debug|Any CPU
		{536F1488-B831-D072-6E5F-7E52C51CA3CC}.Debug|Any CPU.Build.0 = Debug|Any CPU
		{536F1488-B831-D072-6E5F-7E52C51CA3CC}.Release|Any CPU.ActiveCfg = Release|Any CPU
		{536F1488-B831-D072-6E5F-7E52C51CA3CC}.Release|Any CPU.Build.0 = Release|Any CPU
	EndGlobalSection
	GlobalSection(SolutionProperties) = preSolution
		HideSolutionNode = FALSE
	EndGlobalSection
	
EndGlobal
